{
 "schema": 1,
 "files": {
  "scripts/fidelity/fidelity.py": "3a42b0607390fabb64e11490e02f26dcfd685ec6b41c64423c7c0e4ebb100aa8",
  "scripts/fidelity/measure.sh": "f5cf41b4b3e2fc14114ea3b579e0944fdf481c78c9fa634a68eca08f0a6bff9f",
  "scripts/fidelity/corpus.json": "8d92ca52ce18bd968cf438a56b812bce5e03c3b9b322a6573c9bf606a224e03c",
  "scripts/fidelity/test_fidelity.py": "c204272eb5dd74931347be26a06c496f8facc46900e582cfcd5526ca44d6ca62",
  "Tests/iOS/yuedu appTests/RenderFidelityOracleTests.swift": "5e2cfd434832534ec44ae2e3f0e36a183109330bdde5deb0d45742e6dac8cfb1",
  "docs/browser-layout/fidelity-loop/ORACLE.md": "0f10c6c90fb32ffae8b3fbadfa43691a454cf2c5d50cac69fba8f104a3efc584",
  "docs/browser-layout/fidelity-loop/GOAL.md": "fd9e4beaf474a28163be9982f57c857701265c0c9ecc11587dcd0d4c081e7ff3"
 }
}
