{
 "schema": 1,
 "files": {
  "scripts/fidelity/fidelity.py": "7ccfa6881569d00a6e516949efc4c62ca8899fbd67ecf2bcc5bb960b7773fb29",
  "scripts/fidelity/measure.sh": "15010f599962f2ea1eeec7af49efa45ac1ae288ac686a9d33cb445d65b650e1c",
  "scripts/fidelity/corpus.json": "8d92ca52ce18bd968cf438a56b812bce5e03c3b9b322a6573c9bf606a224e03c",
  "scripts/fidelity/test_fidelity.py": "662b8ea6ed2651e299139801a72f5d7944858d1c799795ea30c96102d83bbe45",
  "Tests/iOS/yuedu appTests/RenderFidelityOracleTests.swift": "ce2aca72cce485d6d69923164bdff97931c03adf652831222f96da79ae788c56",
  "docs/browser-layout/fidelity-loop/ORACLE.md": "9a154d15c51e4d0be4918154da00cd8be9bdd6aa622a77900487eacd142fc6d5",
  "docs/browser-layout/fidelity-loop/GOAL.md": "524ff549d32e0b01c16254433e17572c51638d6903125777f16c3c5db5928856"
 }
}
