// !$*UTF8*$!
{
	archiveVersion = 1;
	classes = {
	};
	objectVersion = 77;
	objects = {

/* Begin PBXBuildFile section */
		1E90D290C84CF7DFB61183AB /* yuedu_app_Widget.appex in Embed App Extensions */ = {isa = PBXBuildFile; fileRef = 4E4E1DDA4EE35F67778097F0 /* yuedu_app_Widget.appex */; settings = {ATTRIBUTES = (RemoveHeadersOnCopy, ); }; };
		2EE60C00FD763A43CFCAC2A0 /* yuedu_app_ShareExtension.appex in Embed App Extensions */ = {isa = PBXBuildFile; fileRef = 81F92752186D8D0E971A17B9 /* yuedu_app_ShareExtension.appex */; settings = {ATTRIBUTES = (RemoveHeadersOnCopy, ); }; };
		3021769152B9F41FC1F2CBA5 /* SwiftSoup in Frameworks */ = {isa = PBXBuildFile; productRef = 489E6E08B47AA3AC9F140CAD /* SwiftSoup */; };
		460274852F710D7500486947 /* ReadiumAdapterLCPSQLite in Frameworks */ = {isa = PBXBuildFile; productRef = 460274842F710D7500486947 /* ReadiumAdapterLCPSQLite */; };
		463C854D2FA4F48E008F9AD7 /* GoogleSignIn in Frameworks */ = {isa = PBXBuildFile; productRef = 463C854C2FA4F48E008F9AD7 /* GoogleSignIn */; };
		463C854F2FA4F493008F9AD7 /* GoogleSignInSwift in Frameworks */ = {isa = PBXBuildFile; productRef = 463C854E2FA4F493008F9AD7 /* GoogleSignInSwift */; };
		54FF42D0FA99075B5C91D59B /* ReadiumZIPFoundation in Frameworks */ = {isa = PBXBuildFile; productRef = 7F41A49C749809CDAB632913 /* ReadiumZIPFoundation */; };
		54FF42D1FA99075B5C91D59B /* ReadiumShared in Frameworks */ = {isa = PBXBuildFile; productRef = 54FF42D2FA99075B5C91D59B /* ReadiumShared */; };
		54FF42D3FA99075B5C91D59B /* ReadiumStreamer in Frameworks */ = {isa = PBXBuildFile; productRef = 54FF42D4FA99075B5C91D59B /* ReadiumStreamer */; };
		8A11B0E32F9A1C7300A1B001 /* ReadiumFuzi in Frameworks */ = {isa = PBXBuildFile; productRef = 8A11B0E22F9A1C7300A1B001 /* ReadiumFuzi */; };
/* End PBXBuildFile section */

/* Begin PBXContainerItemProxy section */
		460D36672F51C5B9006E774C /* PBXContainerItemProxy */ = {
			isa = PBXContainerItemProxy;
			containerPortal = 460D36512F51C5B8006E774C /* Project object */;
			proxyType = 1;
			remoteGlobalIDString = 460D36582F51C5B8006E774C;
			remoteInfo = "yuedu app";
		};
		460D36712F51C5B9006E774C /* PBXContainerItemProxy */ = {
			isa = PBXContainerItemProxy;
			containerPortal = 460D36512F51C5B8006E774C /* Project object */;
			proxyType = 1;
			remoteGlobalIDString = 460D36582F51C5B8006E774C;
			remoteInfo = "yuedu app";
		};
		46C7C03A2F8F59E000182BEC /* PBXContainerItemProxy */ = {
			isa = PBXContainerItemProxy;
			containerPortal = 460D36512F51C5B8006E774C /* Project object */;
			proxyType = 1;
			remoteGlobalIDString = 3D398CD107E29DC5585FDF83;
			remoteInfo = "yuedu app Widget";
		};
		46C7C03B2F8F59E000182BEC /* PBXContainerItemProxy */ = {
			isa = PBXContainerItemProxy;
			containerPortal = 460D36512F51C5B8006E774C /* Project object */;
			proxyType = 1;
			remoteGlobalIDString = C7BCB242F4C3B08FEE1E0216;
			remoteInfo = "yuedu app ShareExtension";
		};
/* End PBXContainerItemProxy section */

/* Begin PBXCopyFilesBuildPhase section */
		5FFE0D9ED24A85A7ACED161A /* Embed App Extensions */ = {
			isa = PBXCopyFilesBuildPhase;
			buildActionMask = 2147483647;
			dstPath = "";
			dstSubfolderSpec = 13;
			files = (
				1E90D290C84CF7DFB61183AB /* yuedu_app_Widget.appex in Embed App Extensions */,
				2EE60C00FD763A43CFCAC2A0 /* yuedu_app_ShareExtension.appex in Embed App Extensions */,
			);
			name = "Embed App Extensions";
			runOnlyForDeploymentPostprocessing = 0;
		};
/* End PBXCopyFilesBuildPhase section */

/* Begin PBXFileReference section */
		460D36592F51C5B8006E774C /* yuedu app.app */ = {isa = PBXFileReference; explicitFileType = wrapper.application; includeInIndex = 0; path = "yuedu app.app"; sourceTree = BUILT_PRODUCTS_DIR; };
		460D36662F51C5B9006E774C /* yuedu appTests.xctest */ = {isa = PBXFileReference; explicitFileType = wrapper.cfbundle; includeInIndex = 0; path = "yuedu appTests.xctest"; sourceTree = BUILT_PRODUCTS_DIR; };
		460D36702F51C5B9006E774C /* yuedu appUITests.xctest */ = {isa = PBXFileReference; explicitFileType = wrapper.cfbundle; includeInIndex = 0; path = "yuedu appUITests.xctest"; sourceTree = BUILT_PRODUCTS_DIR; };
		4E4E1DDA4EE35F67778097F0 /* yuedu_app_Widget.appex */ = {isa = PBXFileReference; explicitFileType = "wrapper.app-extension"; includeInIndex = 0; path = yuedu_app_Widget.appex; sourceTree = BUILT_PRODUCTS_DIR; };
		81F92752186D8D0E971A17B9 /* yuedu_app_ShareExtension.appex */ = {isa = PBXFileReference; explicitFileType = "wrapper.app-extension"; includeInIndex = 0; path = yuedu_app_ShareExtension.appex; sourceTree = BUILT_PRODUCTS_DIR; };
/* End PBXFileReference section */

/* Begin PBXFileSystemSynchronizedBuildFileExceptionSet section */
		AA11BB22CC33DD44EE55FF66AA11BB22 /* Exceptions for "yuedu app Widget" folder in "yuedu app Widget" target */ = {
			isa = PBXFileSystemSynchronizedBuildFileExceptionSet;
			membershipExceptions = (
				Info.plist,
			);
			target = 3D398CD107E29DC5585FDF83 /* yuedu app Widget */;
		};
		BB22CC33DD44EE55FF66AA11BB22CC33 /* Exceptions for "yuedu app ShareExtension" folder in "yuedu app ShareExtension" target */ = {
			isa = PBXFileSystemSynchronizedBuildFileExceptionSet;
			membershipExceptions = (
				Info.plist,
			);
			target = C7BCB242F4C3B08FEE1E0216 /* yuedu app ShareExtension */;
		};
/* End PBXFileSystemSynchronizedBuildFileExceptionSet section */

/* Begin PBXFileSystemSynchronizedRootGroup section */
		460D365B2F51C5B8006E774C /* yuedu app */ = {
			isa = PBXFileSystemSynchronizedRootGroup;
			path = "yuedu app";
			sourceTree = "<group>";
		};
		460D36692F51C5B9006E774C /* yuedu appTests */ = {
			isa = PBXFileSystemSynchronizedRootGroup;
			path = "yuedu appTests";
			sourceTree = "<group>";
		};
		460D36732F51C5B9006E774C /* yuedu appUITests */ = {
			isa = PBXFileSystemSynchronizedRootGroup;
			path = "yuedu appUITests";
			sourceTree = "<group>";
		};
		501150730FA6492E85D96D0235061651 /* yuedu app Widget */ = {
			isa = PBXFileSystemSynchronizedRootGroup;
			exceptions = (
				AA11BB22CC33DD44EE55FF66AA11BB22 /* Exceptions for "yuedu app Widget" folder in "yuedu app Widget" target */,
			);
			path = "yuedu app Widget";
			sourceTree = "<group>";
		};
		A1BCCA3D5B9C4DD1AFB56B678141488F /* yuedu app ShareExtension */ = {
			isa = PBXFileSystemSynchronizedRootGroup;
			exceptions = (
				BB22CC33DD44EE55FF66AA11BB22CC33 /* Exceptions for "yuedu app ShareExtension" folder in "yuedu app ShareExtension" target */,
			);
			path = "yuedu app ShareExtension";
			sourceTree = "<group>";
		};
/* End PBXFileSystemSynchronizedRootGroup section */

/* Begin PBXFrameworksBuildPhase section */
		460D36562F51C5B8006E774C /* Frameworks */ = {
			isa = PBXFrameworksBuildPhase;
			buildActionMask = 2147483647;
			files = (
				8A11B0E32F9A1C7300A1B001 /* ReadiumFuzi in Frameworks */,
				460274852F710D7500486947 /* ReadiumAdapterLCPSQLite in Frameworks */,
				54FF42D1FA99075B5C91D59B /* ReadiumShared in Frameworks */,
				463C854F2FA4F493008F9AD7 /* GoogleSignInSwift in Frameworks */,
				54FF42D3FA99075B5C91D59B /* ReadiumStreamer in Frameworks */,
				54FF42D0FA99075B5C91D59B /* ReadiumZIPFoundation in Frameworks */,
				3021769152B9F41FC1F2CBA5 /* SwiftSoup in Frameworks */,
				463C854D2FA4F48E008F9AD7 /* GoogleSignIn in Frameworks */,
			);
			runOnlyForDeploymentPostprocessing = 0;
		};
		460D36632F51C5B9006E774C /* Frameworks */ = {
			isa = PBXFrameworksBuildPhase;
			buildActionMask = 2147483647;
			files = (
			);
			runOnlyForDeploymentPostprocessing = 0;
		};
		460D366D2F51C5B9006E774C /* Frameworks */ = {
			isa = PBXFrameworksBuildPhase;
			buildActionMask = 2147483647;
			files = (
			);
			runOnlyForDeploymentPostprocessing = 0;
		};
		A3F2826CDEDB4D2F4B5CF845 /* Frameworks */ = {
			isa = PBXFrameworksBuildPhase;
			buildActionMask = 2147483647;
			files = (
			);
			runOnlyForDeploymentPostprocessing = 0;
		};
		CB9AB3CEC68FA4821DD057BF /* Frameworks */ = {
			isa = PBXFrameworksBuildPhase;
			buildActionMask = 2147483647;
			files = (
			);
			runOnlyForDeploymentPostprocessing = 0;
		};
/* End PBXFrameworksBuildPhase section */

/* Begin PBXGroup section */
		460D36502F51C5B8006E774C = {
			isa = PBXGroup;
			children = (
				460D365B2F51C5B8006E774C /* yuedu app */,
				460D36692F51C5B9006E774C /* yuedu appTests */,
				460D36732F51C5B9006E774C /* yuedu appUITests */,
				501150730FA6492E85D96D0235061651 /* yuedu app Widget */,
				A1BCCA3D5B9C4DD1AFB56B678141488F /* yuedu app ShareExtension */,
				463C854B2FA4F48E008F9AD7 /* Frameworks */,
				460D365A2F51C5B8006E774C /* Products */,
			);
			sourceTree = "<group>";
		};
		460D365A2F51C5B8006E774C /* Products */ = {
			isa = PBXGroup;
			children = (
				460D36592F51C5B8006E774C /* yuedu app.app */,
				460D36662F51C5B9006E774C /* yuedu appTests.xctest */,
				460D36702F51C5B9006E774C /* yuedu appUITests.xctest */,
				4E4E1DDA4EE35F67778097F0 /* yuedu_app_Widget.appex */,
				81F92752186D8D0E971A17B9 /* yuedu_app_ShareExtension.appex */,
			);
			name = Products;
			sourceTree = "<group>";
		};
		463C854B2FA4F48E008F9AD7 /* Frameworks */ = {
			isa = PBXGroup;
			children = (
			);
			name = Frameworks;
			sourceTree = "<group>";
		};
/* End PBXGroup section */

/* Begin PBXNativeTarget section */
		3D398CD107E29DC5585FDF83 /* yuedu app Widget */ = {
			isa = PBXNativeTarget;
			buildConfigurationList = D37606683213C45CAB3FA44D /* Build configuration list for PBXNativeTarget "yuedu app Widget" */;
			buildPhases = (
				294F7FDF7FF0212C35C6AC00 /* Sources */,
				CB9AB3CEC68FA4821DD057BF /* Frameworks */,
				D400A56C128411E3D1066966 /* Resources */,
			);
			buildRules = (
			);
			dependencies = (
			);
			fileSystemSynchronizedGroups = (
				501150730FA6492E85D96D0235061651 /* yuedu app Widget */,
			);
			name = "yuedu app Widget";
			productName = "yuedu app Widget";
			productReference = 4E4E1DDA4EE35F67778097F0 /* yuedu_app_Widget.appex */;
			productType = "com.apple.product-type.app-extension";
		};
		460D36582F51C5B8006E774C /* yuedu app */ = {
			isa = PBXNativeTarget;
			buildConfigurationList = 460D367A2F51C5B9006E774C /* Build configuration list for PBXNativeTarget "yuedu app" */;
			buildPhases = (
				460D36552F51C5B8006E774C /* Sources */,
				460D36562F51C5B8006E774C /* Frameworks */,
				460D36572F51C5B8006E774C /* Resources */,
				5FFE0D9ED24A85A7ACED161A /* Embed App Extensions */,
			);
			buildRules = (
			);
			dependencies = (
				FD68367CD11DA158EFDF2A89 /* PBXTargetDependency */,
				8127C833559D43D8BE2E634A /* PBXTargetDependency */,
			);
			fileSystemSynchronizedGroups = (
				460D365B2F51C5B8006E774C /* yuedu app */,
			);
			name = "yuedu app";
			packageProductDependencies = (
				8A11B0E22F9A1C7300A1B001 /* ReadiumFuzi */,
				7F41A49C749809CDAB632913 /* ReadiumZIPFoundation */,
				489E6E08B47AA3AC9F140CAD /* SwiftSoup */,
				460274842F710D7500486947 /* ReadiumAdapterLCPSQLite */,
				54FF42D2FA99075B5C91D59B /* ReadiumShared */,
				54FF42D4FA99075B5C91D59B /* ReadiumStreamer */,
				463C854C2FA4F48E008F9AD7 /* GoogleSignIn */,
				463C854E2FA4F493008F9AD7 /* GoogleSignInSwift */,
			);
			productName = "yuedu app";
			productReference = 460D36592F51C5B8006E774C /* yuedu app.app */;
			productType = "com.apple.product-type.application";
		};
		460D36652F51C5B9006E774C /* yuedu appTests */ = {
			isa = PBXNativeTarget;
			buildConfigurationList = 460D367D2F51C5B9006E774C /* Build configuration list for PBXNativeTarget "yuedu appTests" */;
			buildPhases = (
				460D36622F51C5B9006E774C /* Sources */,
				460D36632F51C5B9006E774C /* Frameworks */,
				460D36642F51C5B9006E774C /* Resources */,
			);
			buildRules = (
			);
			dependencies = (
				460D36682F51C5B9006E774C /* PBXTargetDependency */,
			);
			fileSystemSynchronizedGroups = (
				460D36692F51C5B9006E774C /* yuedu appTests */,
			);
			name = "yuedu appTests";
			productName = "yuedu appTests";
			productReference = 460D36662F51C5B9006E774C /* yuedu appTests.xctest */;
			productType = "com.apple.product-type.bundle.unit-test";
		};
		460D366F2F51C5B9006E774C /* yuedu appUITests */ = {
			isa = PBXNativeTarget;
			buildConfigurationList = 460D36802F51C5B9006E774C /* Build configuration list for PBXNativeTarget "yuedu appUITests" */;
			buildPhases = (
				460D366C2F51C5B9006E774C /* Sources */,
				460D366D2F51C5B9006E774C /* Frameworks */,
				460D366E2F51C5B9006E774C /* Resources */,
			);
			buildRules = (
			);
			dependencies = (
				460D36722F51C5B9006E774C /* PBXTargetDependency */,
			);
			fileSystemSynchronizedGroups = (
				460D36732F51C5B9006E774C /* yuedu appUITests */,
			);
			name = "yuedu appUITests";
			productName = "yuedu appUITests";
			productReference = 460D36702F51C5B9006E774C /* yuedu appUITests.xctest */;
			productType = "com.apple.product-type.bundle.ui-testing";
		};
		C7BCB242F4C3B08FEE1E0216 /* yuedu app ShareExtension */ = {
			isa = PBXNativeTarget;
			buildConfigurationList = 769A042B4AB48419646F9829 /* Build configuration list for PBXNativeTarget "yuedu app ShareExtension" */;
			buildPhases = (
				FAFEC42AFCA7FB37C3C8EE88 /* Sources */,
				A3F2826CDEDB4D2F4B5CF845 /* Frameworks */,
				A7AB3F6FF378C0265BF4C90D /* Resources */,
			);
			buildRules = (
			);
			dependencies = (
			);
			fileSystemSynchronizedGroups = (
				A1BCCA3D5B9C4DD1AFB56B678141488F /* yuedu app ShareExtension */,
			);
			name = "yuedu app ShareExtension";
			productName = "yuedu app ShareExtension";
			productReference = 81F92752186D8D0E971A17B9 /* yuedu_app_ShareExtension.appex */;
			productType = "com.apple.product-type.app-extension";
		};
/* End PBXNativeTarget section */

/* Begin PBXProject section */
		460D36512F51C5B8006E774C /* Project object */ = {
			isa = PBXProject;
			attributes = {
				BuildIndependentTargetsInParallel = 1;
				LastSwiftUpdateCheck = 2620;
				LastUpgradeCheck = 2630;
				TargetAttributes = {
					460D36582F51C5B8006E774C = {
						CreatedOnToolsVersion = 26.2;
					};
					460D36652F51C5B9006E774C = {
						CreatedOnToolsVersion = 26.2;
						TestTargetID = 460D36582F51C5B8006E774C;
					};
					460D366F2F51C5B9006E774C = {
						CreatedOnToolsVersion = 26.2;
						TestTargetID = 460D36582F51C5B8006E774C;
					};
				};
			};
			buildConfigurationList = 460D36542F51C5B8006E774C /* Build configuration list for PBXProject "yuedu app" */;
			developmentRegion = "zh-Hant";
			hasScannedForEncodings = 0;
			knownRegions = (
				en,
				Base,
				"zh-Hant",
				"zh-Hans",
			);
			mainGroup = 460D36502F51C5B8006E774C;
			minimizedProjectReferenceProxies = 1;
			packageReferences = (
				46935AA62F52E48600662F9D /* XCRemoteSwiftPackageReference "ZIPFoundation" */,
				46935AA72F52E49B00662F9D /* XCRemoteSwiftPackageReference "SwiftSoup" */,
				8A11B0E12F9A1C7300A1B001 /* XCRemoteSwiftPackageReference "Fuzi" */,
				460274812F710D7500486947 /* XCRemoteSwiftPackageReference "swift-toolkit" */,
				463C854A2FA4F38E008F9AD7 /* XCRemoteSwiftPackageReference "GoogleSignIn-iOS" */,
			);
			preferredProjectObjectVersion = 77;
			productRefGroup = 460D365A2F51C5B8006E774C /* Products */;
			projectDirPath = "";
			projectRoot = "";
			targets = (
				460D36582F51C5B8006E774C /* yuedu app */,
				460D36652F51C5B9006E774C /* yuedu appTests */,
				460D366F2F51C5B9006E774C /* yuedu appUITests */,
				3D398CD107E29DC5585FDF83 /* yuedu app Widget */,
				C7BCB242F4C3B08FEE1E0216 /* yuedu app ShareExtension */,
			);
		};
/* End PBXProject section */

/* Begin PBXResourcesBuildPhase section */
		460D36572F51C5B8006E774C /* Resources */ = {
			isa = PBXResourcesBuildPhase;
			buildActionMask = 2147483647;
			files = (
			);
			runOnlyForDeploymentPostprocessing = 0;
		};
		460D36642F51C5B9006E774C /* Resources */ = {
			isa = PBXResourcesBuildPhase;
			buildActionMask = 2147483647;
			files = (
			);
			runOnlyForDeploymentPostprocessing = 0;
		};
		460D366E2F51C5B9006E774C /* Resources */ = {
			isa = PBXResourcesBuildPhase;
			buildActionMask = 2147483647;
			files = (
			);
			runOnlyForDeploymentPostprocessing = 0;
		};
		A7AB3F6FF378C0265BF4C90D /* Resources */ = {
			isa = PBXResourcesBuildPhase;
			buildActionMask = 2147483647;
			files = (
			);
			runOnlyForDeploymentPostprocessing = 0;
		};
		D400A56C128411E3D1066966 /* Resources */ = {
			isa = PBXResourcesBuildPhase;
			buildActionMask = 2147483647;
			files = (
			);
			runOnlyForDeploymentPostprocessing = 0;
		};
/* End PBXResourcesBuildPhase section */

/* Begin PBXSourcesBuildPhase section */
		294F7FDF7FF0212C35C6AC00 /* Sources */ = {
			isa = PBXSourcesBuildPhase;
			buildActionMask = 2147483647;
			files = (
			);
			runOnlyForDeploymentPostprocessing = 0;
		};
		460D36552F51C5B8006E774C /* Sources */ = {
			isa = PBXSourcesBuildPhase;
			buildActionMask = 2147483647;
			files = (
			);
			runOnlyForDeploymentPostprocessing = 0;
		};
		460D36622F51C5B9006E774C /* Sources */ = {
			isa = PBXSourcesBuildPhase;
			buildActionMask = 2147483647;
			files = (
			);
			runOnlyForDeploymentPostprocessing = 0;
		};
		460D366C2F51C5B9006E774C /* Sources */ = {
			isa = PBXSourcesBuildPhase;
			buildActionMask = 2147483647;
			files = (
			);
			runOnlyForDeploymentPostprocessing = 0;
		};
		FAFEC42AFCA7FB37C3C8EE88 /* Sources */ = {
			isa = PBXSourcesBuildPhase;
			buildActionMask = 2147483647;
			files = (
			);
			runOnlyForDeploymentPostprocessing = 0;
		};
/* End PBXSourcesBuildPhase section */

/* Begin PBXTargetDependency section */
		460D36682F51C5B9006E774C /* PBXTargetDependency */ = {
			isa = PBXTargetDependency;
			target = 460D36582F51C5B8006E774C /* yuedu app */;
			targetProxy = 460D36672F51C5B9006E774C /* PBXContainerItemProxy */;
		};
		460D36722F51C5B9006E774C /* PBXTargetDependency */ = {
			isa = PBXTargetDependency;
			target = 460D36582F51C5B8006E774C /* yuedu app */;
			targetProxy = 460D36712F51C5B9006E774C /* PBXContainerItemProxy */;
		};
		8127C833559D43D8BE2E634A /* PBXTargetDependency */ = {
			isa = PBXTargetDependency;
			target = C7BCB242F4C3B08FEE1E0216 /* yuedu app ShareExtension */;
			targetProxy = 46C7C03B2F8F59E000182BEC /* PBXContainerItemProxy */;
		};
		FD68367CD11DA158EFDF2A89 /* PBXTargetDependency */ = {
			isa = PBXTargetDependency;
			target = 3D398CD107E29DC5585FDF83 /* yuedu app Widget */;
			targetProxy = 46C7C03A2F8F59E000182BEC /* PBXContainerItemProxy */;
		};
/* End PBXTargetDependency section */

/* Begin XCBuildConfiguration section */
		1796357FCB75F4989CD52D5A /* Release */ = {
			isa = XCBuildConfiguration;
			buildSettings = {
				CLANG_ENABLE_OBJC_WEAK = NO;
				CODE_SIGN_ENTITLEMENTS = "";
				CODE_SIGN_STYLE = Automatic;
				DEVELOPMENT_TEAM = 65DHH783G3;
				EXECUTABLE_NAME = yuedu_app_Widget;
				INFOPLIST_FILE = "/Users/zhangruilin/Desktop/yuedu app/yuedu app Widget/Info.plist";
				INFOPLIST_KEY_NSHumanReadableCopyright = "";
				IPHONEOS_DEPLOYMENT_TARGET = 18.0;
				LD_RUNPATH_SEARCH_PATHS = (
					"$(inherited)",
					"@executable_path/Frameworks",
					"@executable_path/../../Frameworks",
				);
				PRODUCT_BUNDLE_IDENTIFIER = "com.zruilin.yuedu-app.widget";
				PRODUCT_NAME = yuedu_app_Widget;
				SDKROOT = iphoneos;
				SKIP_INSTALL = YES;
				SUPPORTED_PLATFORMS = "iphoneos iphonesimulator";
				SUPPORTS_MACCATALYST = NO;
				SUPPORTS_MAC_DESIGNED_FOR_IPHONE_IPAD = NO;
				SUPPORTS_XR_DESIGNED_FOR_IPHONE_IPAD = NO;
				SWIFT_VERSION = 5.0;
				TARGETED_DEVICE_FAMILY = "1,2";
				VALIDATE_PRODUCT = YES;
			};
			name = Release;
		};
		460D36782F51C5B9006E774C /* Debug */ = {
			isa = XCBuildConfiguration;
			buildSettings = {
				ALWAYS_SEARCH_USER_PATHS = NO;
				ASSETCATALOG_COMPILER_GENERATE_SWIFT_ASSET_SYMBOL_EXTENSIONS = YES;
				CLANG_ANALYZER_NONNULL = YES;
				CLANG_ANALYZER_NUMBER_OBJECT_CONVERSION = YES_AGGRESSIVE;
				CLANG_CXX_LANGUAGE_STANDARD = "gnu++20";
				CLANG_ENABLE_MODULES = YES;
				CLANG_ENABLE_OBJC_ARC = YES;
				CLANG_ENABLE_OBJC_WEAK = YES;
				CLANG_WARN_BLOCK_CAPTURE_AUTORELEASING = YES;
				CLANG_WARN_BOOL_CONVERSION = YES;
				CLANG_WARN_COMMA = YES;
				CLANG_WARN_CONSTANT_CONVERSION = YES;
				CLANG_WARN_DEPRECATED_OBJC_IMPLEMENTATIONS = YES;
				CLANG_WARN_DIRECT_OBJC_ISA_USAGE = YES_ERROR;
				CLANG_WARN_DOCUMENTATION_COMMENTS = YES;
				CLANG_WARN_EMPTY_BODY = YES;
				CLANG_WARN_ENUM_CONVERSION = YES;
				CLANG_WARN_INFINITE_RECURSION = YES;
				CLANG_WARN_INT_CONVERSION = YES;
				CLANG_WARN_NON_LITERAL_NULL_CONVERSION = YES;
				CLANG_WARN_OBJC_IMPLICIT_RETAIN_SELF = YES;
				CLANG_WARN_OBJC_LITERAL_CONVERSION = YES;
				CLANG_WARN_OBJC_ROOT_CLASS = YES_ERROR;
				CLANG_WARN_QUOTED_INCLUDE_IN_FRAMEWORK_HEADER = YES;
				CLANG_WARN_RANGE_LOOP_ANALYSIS = YES;
				CLANG_WARN_STRICT_PROTOTYPES = YES;
				CLANG_WARN_SUSPICIOUS_MOVE = YES;
				CLANG_WARN_UNGUARDED_AVAILABILITY = YES_AGGRESSIVE;
				CLANG_WARN_UNREACHABLE_CODE = YES;
				CLANG_WARN__DUPLICATE_METHOD_MATCH = YES;
				COPY_PHASE_STRIP = NO;
				DEBUG_INFORMATION_FORMAT = dwarf;
				ENABLE_STRICT_OBJC_MSGSEND = YES;
				ENABLE_TESTABILITY = YES;
				ENABLE_USER_SCRIPT_SANDBOXING = YES;
				GCC_C_LANGUAGE_STANDARD = gnu17;
				GCC_DYNAMIC_NO_PIC = NO;
				GCC_NO_COMMON_BLOCKS = YES;
				GCC_OPTIMIZATION_LEVEL = 0;
				GCC_PREPROCESSOR_DEFINITIONS = (
					"DEBUG=1",
					"$(inherited)",
				);
				GCC_WARN_64_TO_32_BIT_CONVERSION = YES;
				GCC_WARN_ABOUT_RETURN_TYPE = YES_ERROR;
				GCC_WARN_UNDECLARED_SELECTOR = YES;
				GCC_WARN_UNINITIALIZED_AUTOS = YES_AGGRESSIVE;
				GCC_WARN_UNUSED_FUNCTION = YES;
				GCC_WARN_UNUSED_VARIABLE = YES;
				IPHONEOS_DEPLOYMENT_TARGET = 26.2;
				LOCALIZATION_PREFERS_STRING_CATALOGS = YES;
				MTL_ENABLE_DEBUG_INFO = INCLUDE_SOURCE;
				MTL_FAST_MATH = YES;
				ONLY_ACTIVE_ARCH = YES;
				SDKROOT = iphoneos;
				STRING_CATALOG_GENERATE_SYMBOLS = YES;
				SWIFT_ACTIVE_COMPILATION_CONDITIONS = "DEBUG $(inherited)";
				SWIFT_OPTIMIZATION_LEVEL = "-Onone";
			};
			name = Debug;
		};
		460D36792F51C5B9006E774C /* Release */ = {
			isa = XCBuildConfiguration;
			buildSettings = {
				ALWAYS_SEARCH_USER_PATHS = NO;
				ASSETCATALOG_COMPILER_GENERATE_SWIFT_ASSET_SYMBOL_EXTENSIONS = YES;
				CLANG_ANALYZER_NONNULL = YES;
				CLANG_ANALYZER_NUMBER_OBJECT_CONVERSION = YES_AGGRESSIVE;
				CLANG_CXX_LANGUAGE_STANDARD = "gnu++20";
				CLANG_ENABLE_MODULES = YES;
				CLANG_ENABLE_OBJC_ARC = YES;
				CLANG_ENABLE_OBJC_WEAK = YES;
				CLANG_WARN_BLOCK_CAPTURE_AUTORELEASING = YES;
				CLANG_WARN_BOOL_CONVERSION = YES;
				CLANG_WARN_COMMA = YES;
				CLANG_WARN_CONSTANT_CONVERSION = YES;
				CLANG_WARN_DEPRECATED_OBJC_IMPLEMENTATIONS = YES;
				CLANG_WARN_DIRECT_OBJC_ISA_USAGE = YES_ERROR;
				CLANG_WARN_DOCUMENTATION_COMMENTS = YES;
				CLANG_WARN_EMPTY_BODY = YES;
				CLANG_WARN_ENUM_CONVERSION = YES;
				CLANG_WARN_INFINITE_RECURSION = YES;
				CLANG_WARN_INT_CONVERSION = YES;
				CLANG_WARN_NON_LITERAL_NULL_CONVERSION = YES;
				CLANG_WARN_OBJC_IMPLICIT_RETAIN_SELF = YES;
				CLANG_WARN_OBJC_LITERAL_CONVERSION = YES;
				CLANG_WARN_OBJC_ROOT_CLASS = YES_ERROR;
				CLANG_WARN_QUOTED_INCLUDE_IN_FRAMEWORK_HEADER = YES;
				CLANG_WARN_RANGE_LOOP_ANALYSIS = YES;
				CLANG_WARN_STRICT_PROTOTYPES = YES;
				CLANG_WARN_SUSPICIOUS_MOVE = YES;
				CLANG_WARN_UNGUARDED_AVAILABILITY = YES_AGGRESSIVE;
				CLANG_WARN_UNREACHABLE_CODE = YES;
				CLANG_WARN__DUPLICATE_METHOD_MATCH = YES;
				COPY_PHASE_STRIP = NO;
				DEBUG_INFORMATION_FORMAT = "dwarf-with-dsym";
				ENABLE_NS_ASSERTIONS = NO;
				ENABLE_STRICT_OBJC_MSGSEND = YES;
				ENABLE_USER_SCRIPT_SANDBOXING = YES;
				GCC_C_LANGUAGE_STANDARD = gnu17;
				GCC_NO_COMMON_BLOCKS = YES;
				GCC_WARN_64_TO_32_BIT_CONVERSION = YES;
				GCC_WARN_ABOUT_RETURN_TYPE = YES_ERROR;
				GCC_WARN_UNDECLARED_SELECTOR = YES;
				GCC_WARN_UNINITIALIZED_AUTOS = YES_AGGRESSIVE;
				GCC_WARN_UNUSED_FUNCTION = YES;
				GCC_WARN_UNUSED_VARIABLE = YES;
				IPHONEOS_DEPLOYMENT_TARGET = 26.2;
				LOCALIZATION_PREFERS_STRING_CATALOGS = YES;
				MTL_ENABLE_DEBUG_INFO = NO;
				MTL_FAST_MATH = YES;
				SDKROOT = iphoneos;
				STRING_CATALOG_GENERATE_SYMBOLS = YES;
				SWIFT_COMPILATION_MODE = wholemodule;
				VALIDATE_PRODUCT = YES;
			};
			name = Release;
		};
		460D367B2F51C5B9006E774C /* Debug */ = {
			isa = XCBuildConfiguration;
			buildSettings = {
				APP_SHORTCUTS_ENABLE_FLEXIBLE_MATCHING = NO;
				ASSETCATALOG_COMPILER_APPICON_NAME = AppIcon;
				ASSETCATALOG_COMPILER_GLOBAL_ACCENT_COLOR_NAME = AccentColor;
				CLANG_CXX_LANGUAGE_STANDARD = "c++17";
				CLANG_ENABLE_OBJC_WEAK = YES;
				CODE_SIGN_STYLE = Automatic;
				CURRENT_PROJECT_VERSION = 1;
				DEVELOPMENT_TEAM = 65DHH783G3;
				ENABLE_APPINTENTS_DEPLOYMENT_AWARE_PROCESSING = NO;
				ENABLE_PREVIEWS = YES;
				ENABLE_STRICT_OBJC_MSGSEND = YES;
				GENERATE_INFOPLIST_FILE = YES;
				INFOPLIST_FILE = Info.plist;
				INFOPLIST_KEY_CFBundleDisplayName = "閱讀";
				INFOPLIST_KEY_LSApplicationCategoryType = "public.app-category.books";
				INFOPLIST_KEY_NSLocalNetworkUsageDescription = "用於連接同一 Wi-Fi 下的本機語音測試服務。";
				INFOPLIST_KEY_UIApplicationSceneManifest_Generation = YES;
				INFOPLIST_KEY_UIApplicationSupportsIndirectInputEvents = YES;
				INFOPLIST_KEY_UILaunchScreen_Generation = YES;
				INFOPLIST_KEY_UIRequiresFullScreen = YES;
				INFOPLIST_KEY_UIStatusBarStyle = "";
				INFOPLIST_KEY_UISupportedInterfaceOrientations = UIInterfaceOrientationPortrait;
				IPHONEOS_DEPLOYMENT_TARGET = 18.0;
				LD_RUNPATH_SEARCH_PATHS = (
					"$(inherited)",
					"@executable_path/Frameworks",
				);
				MARKETING_VERSION = 1.0;
				PRODUCT_BUNDLE_IDENTIFIER = "com.zruilin.yuedu-app";
				PRODUCT_NAME = "$(TARGET_NAME)";
				STRING_CATALOG_GENERATE_SYMBOLS = YES;
				SUPPORTED_PLATFORMS = "iphoneos iphonesimulator";
				SUPPORTS_MACCATALYST = NO;
				SUPPORTS_MAC_DESIGNED_FOR_IPHONE_IPAD = NO;
				SUPPORTS_XR_DESIGNED_FOR_IPHONE_IPAD = NO;
				SWIFT_EMIT_LOC_STRINGS = YES;
				SWIFT_OBJC_BRIDGING_HEADER = "yuedu app/yuedu app-Bridging-Header.h";
				SWIFT_UPCOMING_FEATURE_MEMBER_IMPORT_VISIBILITY = YES;
				SWIFT_VERSION = 5.0;
				TARGETED_DEVICE_FAMILY = "1,2";
			};
			name = Debug;
		};
		460D367C2F51C5B9006E774C /* Release */ = {
			isa = XCBuildConfiguration;
			buildSettings = {
				APP_SHORTCUTS_ENABLE_FLEXIBLE_MATCHING = NO;
				ASSETCATALOG_COMPILER_APPICON_NAME = AppIcon;
				ASSETCATALOG_COMPILER_GLOBAL_ACCENT_COLOR_NAME = AccentColor;
				CLANG_CXX_LANGUAGE_STANDARD = "c++17";
				CLANG_ENABLE_OBJC_WEAK = YES;
				CODE_SIGN_STYLE = Automatic;
				CURRENT_PROJECT_VERSION = 1;
				DEVELOPMENT_TEAM = 65DHH783G3;
				ENABLE_APPINTENTS_DEPLOYMENT_AWARE_PROCESSING = NO;
				ENABLE_PREVIEWS = YES;
				ENABLE_STRICT_OBJC_MSGSEND = YES;
				GENERATE_INFOPLIST_FILE = YES;
				INFOPLIST_FILE = Info.plist;
				INFOPLIST_KEY_CFBundleDisplayName = "閱讀";
				INFOPLIST_KEY_LSApplicationCategoryType = "public.app-category.books";
				INFOPLIST_KEY_NSLocalNetworkUsageDescription = "用於連接同一 Wi-Fi 下的本機語音測試服務。";
				INFOPLIST_KEY_UIApplicationSceneManifest_Generation = YES;
				INFOPLIST_KEY_UIApplicationSupportsIndirectInputEvents = YES;
				INFOPLIST_KEY_UILaunchScreen_Generation = YES;
				INFOPLIST_KEY_UIRequiresFullScreen = YES;
				INFOPLIST_KEY_UIStatusBarStyle = "";
				INFOPLIST_KEY_UISupportedInterfaceOrientations = UIInterfaceOrientationPortrait;
				IPHONEOS_DEPLOYMENT_TARGET = 18.0;
				LD_RUNPATH_SEARCH_PATHS = (
					"$(inherited)",
					"@executable_path/Frameworks",
				);
				MARKETING_VERSION = 1.0;
				PRODUCT_BUNDLE_IDENTIFIER = "com.zruilin.yuedu-app";
				PRODUCT_NAME = "$(TARGET_NAME)";
				STRING_CATALOG_GENERATE_SYMBOLS = YES;
				SUPPORTED_PLATFORMS = "iphoneos iphonesimulator";
				SUPPORTS_MACCATALYST = NO;
				SUPPORTS_MAC_DESIGNED_FOR_IPHONE_IPAD = NO;
				SUPPORTS_XR_DESIGNED_FOR_IPHONE_IPAD = NO;
				SWIFT_EMIT_LOC_STRINGS = YES;
				SWIFT_OBJC_BRIDGING_HEADER = "yuedu app/yuedu app-Bridging-Header.h";
				SWIFT_UPCOMING_FEATURE_MEMBER_IMPORT_VISIBILITY = YES;
				SWIFT_VERSION = 5.0;
				TARGETED_DEVICE_FAMILY = "1,2";
			};
			name = Release;
		};
		460D367E2F51C5B9006E774C /* Debug */ = {
			isa = XCBuildConfiguration;
			buildSettings = {
				BUNDLE_LOADER = "$(TEST_HOST)";
				CLANG_CXX_LANGUAGE_STANDARD = "c++17";
				CLANG_ENABLE_OBJC_WEAK = YES;
				CODE_SIGN_STYLE = Automatic;
				CURRENT_PROJECT_VERSION = 1;
				DEVELOPMENT_TEAM = 65DHH783G3;
				ENABLE_STRICT_OBJC_MSGSEND = YES;
				GENERATE_INFOPLIST_FILE = YES;
				IPHONEOS_DEPLOYMENT_TARGET = 26.2;
				MARKETING_VERSION = 1.0;
				PRODUCT_BUNDLE_IDENTIFIER = "com.zruilin.yuedu-appTests";
				PRODUCT_NAME = "$(TARGET_NAME)";
				STRING_CATALOG_GENERATE_SYMBOLS = NO;
				SWIFT_APPROACHABLE_CONCURRENCY = YES;
				SWIFT_EMIT_LOC_STRINGS = NO;
				SWIFT_OBJC_BRIDGING_HEADER = "yuedu app/yuedu app-Bridging-Header.h";
				SWIFT_UPCOMING_FEATURE_MEMBER_IMPORT_VISIBILITY = YES;
				SWIFT_VERSION = 5.0;
				TARGETED_DEVICE_FAMILY = "1,2";
				TEST_HOST = "$(BUILT_PRODUCTS_DIR)/yuedu app.app/$(BUNDLE_EXECUTABLE_FOLDER_PATH)/yuedu app";
			};
			name = Debug;
		};
		460D367F2F51C5B9006E774C /* Release */ = {
			isa = XCBuildConfiguration;
			buildSettings = {
				BUNDLE_LOADER = "$(TEST_HOST)";
				CLANG_CXX_LANGUAGE_STANDARD = "c++17";
				CLANG_ENABLE_OBJC_WEAK = YES;
				CODE_SIGN_STYLE = Automatic;
				CURRENT_PROJECT_VERSION = 1;
				DEVELOPMENT_TEAM = 65DHH783G3;
				ENABLE_STRICT_OBJC_MSGSEND = YES;
				GENERATE_INFOPLIST_FILE = YES;
				IPHONEOS_DEPLOYMENT_TARGET = 26.2;
				MARKETING_VERSION = 1.0;
				PRODUCT_BUNDLE_IDENTIFIER = "com.zruilin.yuedu-appTests";
				PRODUCT_NAME = "$(TARGET_NAME)";
				STRING_CATALOG_GENERATE_SYMBOLS = NO;
				SWIFT_APPROACHABLE_CONCURRENCY = YES;
				SWIFT_EMIT_LOC_STRINGS = NO;
				SWIFT_OBJC_BRIDGING_HEADER = "yuedu app/yuedu app-Bridging-Header.h";
				SWIFT_UPCOMING_FEATURE_MEMBER_IMPORT_VISIBILITY = YES;
				SWIFT_VERSION = 5.0;
				TARGETED_DEVICE_FAMILY = "1,2";
				TEST_HOST = "$(BUILT_PRODUCTS_DIR)/yuedu app.app/$(BUNDLE_EXECUTABLE_FOLDER_PATH)/yuedu app";
			};
			name = Release;
		};
		460D36812F51C5B9006E774C /* Debug */ = {
			isa = XCBuildConfiguration;
			buildSettings = {
				CLANG_CXX_LANGUAGE_STANDARD = "c++17";
				CLANG_ENABLE_OBJC_WEAK = YES;
				CODE_SIGN_STYLE = Automatic;
				CURRENT_PROJECT_VERSION = 1;
				DEVELOPMENT_TEAM = 65DHH783G3;
				ENABLE_STRICT_OBJC_MSGSEND = YES;
				GENERATE_INFOPLIST_FILE = YES;
				MARKETING_VERSION = 1.0;
				PRODUCT_BUNDLE_IDENTIFIER = "com.zruilin.yuedu-appUITests";
				PRODUCT_NAME = "$(TARGET_NAME)";
				STRING_CATALOG_GENERATE_SYMBOLS = NO;
				SUPPORTED_PLATFORMS = "iphoneos iphonesimulator";
				SUPPORTS_MACCATALYST = NO;
				SUPPORTS_MAC_DESIGNED_FOR_IPHONE_IPAD = NO;
				SUPPORTS_XR_DESIGNED_FOR_IPHONE_IPAD = NO;
				SWIFT_APPROACHABLE_CONCURRENCY = YES;
				SWIFT_EMIT_LOC_STRINGS = NO;
				SWIFT_OBJC_BRIDGING_HEADER = "yuedu app/yuedu app-Bridging-Header.h";
				SWIFT_UPCOMING_FEATURE_MEMBER_IMPORT_VISIBILITY = YES;
				SWIFT_VERSION = 5.0;
				TARGETED_DEVICE_FAMILY = "1,2";
				TEST_TARGET_NAME = "yuedu app";
			};
			name = Debug;
		};
		460D36822F51C5B9006E774C /* Release */ = {
			isa = XCBuildConfiguration;
			buildSettings = {
				CLANG_CXX_LANGUAGE_STANDARD = "c++17";
				CLANG_ENABLE_OBJC_WEAK = YES;
				CODE_SIGN_STYLE = Automatic;
				CURRENT_PROJECT_VERSION = 1;
				DEVELOPMENT_TEAM = 65DHH783G3;
				ENABLE_STRICT_OBJC_MSGSEND = YES;
				GENERATE_INFOPLIST_FILE = YES;
				MARKETING_VERSION = 1.0;
				PRODUCT_BUNDLE_IDENTIFIER = "com.zruilin.yuedu-appUITests";
				PRODUCT_NAME = "$(TARGET_NAME)";
				STRING_CATALOG_GENERATE_SYMBOLS = NO;
				SUPPORTED_PLATFORMS = "iphoneos iphonesimulator";
				SUPPORTS_MACCATALYST = NO;
				SUPPORTS_MAC_DESIGNED_FOR_IPHONE_IPAD = NO;
				SUPPORTS_XR_DESIGNED_FOR_IPHONE_IPAD = NO;
				SWIFT_APPROACHABLE_CONCURRENCY = YES;
				SWIFT_EMIT_LOC_STRINGS = NO;
				SWIFT_OBJC_BRIDGING_HEADER = "yuedu app/yuedu app-Bridging-Header.h";
				SWIFT_UPCOMING_FEATURE_MEMBER_IMPORT_VISIBILITY = YES;
				SWIFT_VERSION = 5.0;
				TARGETED_DEVICE_FAMILY = "1,2";
				TEST_TARGET_NAME = "yuedu app";
			};
			name = Release;
		};
		61425AD8B03743B687E0D0AF /* Release */ = {
			isa = XCBuildConfiguration;
			buildSettings = {
				CLANG_ENABLE_OBJC_WEAK = NO;
				CODE_SIGN_ENTITLEMENTS = "";
				CODE_SIGN_STYLE = Automatic;
				DEVELOPMENT_TEAM = 65DHH783G3;
				EXECUTABLE_NAME = yuedu_app_ShareExtension;
				INFOPLIST_FILE = "/Users/zhangruilin/Desktop/yuedu app/yuedu app ShareExtension/Info.plist";
				INFOPLIST_KEY_NSHumanReadableCopyright = "";
				IPHONEOS_DEPLOYMENT_TARGET = 18.0;
				LD_RUNPATH_SEARCH_PATHS = (
					"$(inherited)",
					"@executable_path/Frameworks",
					"@executable_path/../../Frameworks",
				);
				PRODUCT_BUNDLE_IDENTIFIER = "com.zruilin.yuedu-app.shareextension";
				PRODUCT_NAME = yuedu_app_ShareExtension;
				SDKROOT = iphoneos;
				SKIP_INSTALL = YES;
				SUPPORTED_PLATFORMS = "iphoneos iphonesimulator";
				SUPPORTS_MACCATALYST = NO;
				SUPPORTS_MAC_DESIGNED_FOR_IPHONE_IPAD = NO;
				SUPPORTS_XR_DESIGNED_FOR_IPHONE_IPAD = NO;
				SWIFT_VERSION = 5.0;
				TARGETED_DEVICE_FAMILY = "1,2";
				VALIDATE_PRODUCT = YES;
			};
			name = Release;
		};
		81595F666338BADEFD739F72 /* Debug */ = {
			isa = XCBuildConfiguration;
			buildSettings = {
				CLANG_ENABLE_OBJC_WEAK = NO;
				CODE_SIGN_ENTITLEMENTS = "";
				CODE_SIGN_STYLE = Automatic;
				DEVELOPMENT_TEAM = 65DHH783G3;
				EXECUTABLE_NAME = yuedu_app_ShareExtension;
				INFOPLIST_FILE = "/Users/zhangruilin/Desktop/yuedu app/yuedu app ShareExtension/Info.plist";
				INFOPLIST_KEY_NSHumanReadableCopyright = "";
				IPHONEOS_DEPLOYMENT_TARGET = 18.0;
				LD_RUNPATH_SEARCH_PATHS = (
					"$(inherited)",
					"@executable_path/Frameworks",
					"@executable_path/../../Frameworks",
				);
				PRODUCT_BUNDLE_IDENTIFIER = "com.zruilin.yuedu-app.shareextension";
				PRODUCT_NAME = yuedu_app_ShareExtension;
				SDKROOT = iphoneos;
				SKIP_INSTALL = YES;
				SUPPORTED_PLATFORMS = "iphoneos iphonesimulator";
				SUPPORTS_MACCATALYST = NO;
				SUPPORTS_MAC_DESIGNED_FOR_IPHONE_IPAD = NO;
				SUPPORTS_XR_DESIGNED_FOR_IPHONE_IPAD = NO;
				SWIFT_VERSION = 5.0;
				TARGETED_DEVICE_FAMILY = "1,2";
			};
			name = Debug;
		};
		DAE3450F4AE5267B4BBFACE4 /* Debug */ = {
			isa = XCBuildConfiguration;
			buildSettings = {
				CLANG_ENABLE_OBJC_WEAK = NO;
				CODE_SIGN_ENTITLEMENTS = "";
				CODE_SIGN_STYLE = Automatic;
				DEVELOPMENT_TEAM = 65DHH783G3;
				EXECUTABLE_NAME = yuedu_app_Widget;
				INFOPLIST_FILE = "/Users/zhangruilin/Desktop/yuedu app/yuedu app Widget/Info.plist";
				INFOPLIST_KEY_NSHumanReadableCopyright = "";
				IPHONEOS_DEPLOYMENT_TARGET = 18.0;
				LD_RUNPATH_SEARCH_PATHS = (
					"$(inherited)",
					"@executable_path/Frameworks",
					"@executable_path/../../Frameworks",
				);
				PRODUCT_BUNDLE_IDENTIFIER = "com.zruilin.yuedu-app.widget";
				PRODUCT_NAME = yuedu_app_Widget;
				SDKROOT = iphoneos;
				SKIP_INSTALL = YES;
				SUPPORTED_PLATFORMS = "iphoneos iphonesimulator";
				SUPPORTS_MACCATALYST = NO;
				SUPPORTS_MAC_DESIGNED_FOR_IPHONE_IPAD = NO;
				SUPPORTS_XR_DESIGNED_FOR_IPHONE_IPAD = NO;
				SWIFT_VERSION = 5.0;
				TARGETED_DEVICE_FAMILY = "1,2";
			};
			name = Debug;
		};
/* End XCBuildConfiguration section */

/* Begin XCConfigurationList section */
		460D36542F51C5B8006E774C /* Build configuration list for PBXProject "yuedu app" */ = {
			isa = XCConfigurationList;
			buildConfigurations = (
				460D36782F51C5B9006E774C /* Debug */,
				460D36792F51C5B9006E774C /* Release */,
			);
			defaultConfigurationIsVisible = 0;
			defaultConfigurationName = Release;
		};
		460D367A2F51C5B9006E774C /* Build configuration list for PBXNativeTarget "yuedu app" */ = {
			isa = XCConfigurationList;
			buildConfigurations = (
				460D367B2F51C5B9006E774C /* Debug */,
				460D367C2F51C5B9006E774C /* Release */,
			);
			defaultConfigurationIsVisible = 0;
			defaultConfigurationName = Release;
		};
		460D367D2F51C5B9006E774C /* Build configuration list for PBXNativeTarget "yuedu appTests" */ = {
			isa = XCConfigurationList;
			buildConfigurations = (
				460D367E2F51C5B9006E774C /* Debug */,
				460D367F2F51C5B9006E774C /* Release */,
			);
			defaultConfigurationIsVisible = 0;
			defaultConfigurationName = Release;
		};
		460D36802F51C5B9006E774C /* Build configuration list for PBXNativeTarget "yuedu appUITests" */ = {
			isa = XCConfigurationList;
			buildConfigurations = (
				460D36812F51C5B9006E774C /* Debug */,
				460D36822F51C5B9006E774C /* Release */,
			);
			defaultConfigurationIsVisible = 0;
			defaultConfigurationName = Release;
		};
		769A042B4AB48419646F9829 /* Build configuration list for PBXNativeTarget "yuedu app ShareExtension" */ = {
			isa = XCConfigurationList;
			buildConfigurations = (
				61425AD8B03743B687E0D0AF /* Release */,
				81595F666338BADEFD739F72 /* Debug */,
			);
			defaultConfigurationIsVisible = 0;
			defaultConfigurationName = Release;
		};
		D37606683213C45CAB3FA44D /* Build configuration list for PBXNativeTarget "yuedu app Widget" */ = {
			isa = XCConfigurationList;
			buildConfigurations = (
				1796357FCB75F4989CD52D5A /* Release */,
				DAE3450F4AE5267B4BBFACE4 /* Debug */,
			);
			defaultConfigurationIsVisible = 0;
			defaultConfigurationName = Release;
		};
/* End XCConfigurationList section */

/* Begin XCRemoteSwiftPackageReference section */
		460274812F710D7500486947 /* XCRemoteSwiftPackageReference "swift-toolkit" */ = {
			isa = XCRemoteSwiftPackageReference;
			repositoryURL = "https://github.com/readium/swift-toolkit.git";
			requirement = {
				kind = upToNextMajorVersion;
				minimumVersion = 3.8.0;
			};
		};
		463C854A2FA4F38E008F9AD7 /* XCRemoteSwiftPackageReference "GoogleSignIn-iOS" */ = {
			isa = XCRemoteSwiftPackageReference;
			repositoryURL = "https://github.com/google/GoogleSignIn-iOS";
			requirement = {
				kind = upToNextMajorVersion;
				minimumVersion = 9.1.0;
			};
		};
		46935AA62F52E48600662F9D /* XCRemoteSwiftPackageReference "ZIPFoundation" */ = {
			isa = XCRemoteSwiftPackageReference;
			repositoryURL = "https://github.com/readium/ZIPFoundation.git";
			requirement = {
				kind = upToNextMajorVersion;
				minimumVersion = 3.0.1;
			};
		};
		46935AA72F52E49B00662F9D /* XCRemoteSwiftPackageReference "SwiftSoup" */ = {
			isa = XCRemoteSwiftPackageReference;
			repositoryURL = "https://github.com/scinfu/SwiftSoup";
			requirement = {
				kind = upToNextMajorVersion;
				minimumVersion = 2.11.3;
			};
		};
		8A11B0E12F9A1C7300A1B001 /* XCRemoteSwiftPackageReference "Fuzi" */ = {
			isa = XCRemoteSwiftPackageReference;
			repositoryURL = "https://github.com/readium/Fuzi.git";
			requirement = {
				kind = upToNextMajorVersion;
				minimumVersion = 4.0.0;
			};
		};
/* End XCRemoteSwiftPackageReference section */

/* Begin XCSwiftPackageProductDependency section */
		460274842F710D7500486947 /* ReadiumAdapterLCPSQLite */ = {
			isa = XCSwiftPackageProductDependency;
			package = 460274812F710D7500486947 /* XCRemoteSwiftPackageReference "swift-toolkit" */;
			productName = ReadiumAdapterLCPSQLite;
		};
		463C854C2FA4F48E008F9AD7 /* GoogleSignIn */ = {
			isa = XCSwiftPackageProductDependency;
			package = 463C854A2FA4F38E008F9AD7 /* XCRemoteSwiftPackageReference "GoogleSignIn-iOS" */;
			productName = GoogleSignIn;
		};
		463C854E2FA4F493008F9AD7 /* GoogleSignInSwift */ = {
			isa = XCSwiftPackageProductDependency;
			package = 463C854A2FA4F38E008F9AD7 /* XCRemoteSwiftPackageReference "GoogleSignIn-iOS" */;
			productName = GoogleSignInSwift;
		};
		489E6E08B47AA3AC9F140CAD /* SwiftSoup */ = {
			isa = XCSwiftPackageProductDependency;
			package = 46935AA72F52E49B00662F9D /* XCRemoteSwiftPackageReference "SwiftSoup" */;
			productName = SwiftSoup;
		};
		54FF42D2FA99075B5C91D59B /* ReadiumShared */ = {
			isa = XCSwiftPackageProductDependency;
			package = 460274812F710D7500486947 /* XCRemoteSwiftPackageReference "swift-toolkit" */;
			productName = ReadiumShared;
		};
		54FF42D4FA99075B5C91D59B /* ReadiumStreamer */ = {
			isa = XCSwiftPackageProductDependency;
			package = 460274812F710D7500486947 /* XCRemoteSwiftPackageReference "swift-toolkit" */;
			productName = ReadiumStreamer;
		};
		7F41A49C749809CDAB632913 /* ReadiumZIPFoundation */ = {
			isa = XCSwiftPackageProductDependency;
			package = 46935AA62F52E48600662F9D /* XCRemoteSwiftPackageReference "ZIPFoundation" */;
			productName = ReadiumZIPFoundation;
		};
		8A11B0E22F9A1C7300A1B001 /* ReadiumFuzi */ = {
			isa = XCSwiftPackageProductDependency;
			package = 8A11B0E12F9A1C7300A1B001 /* XCRemoteSwiftPackageReference "Fuzi" */;
			productName = ReadiumFuzi;
		};
/* End XCSwiftPackageProductDependency section */
	};
	rootObject = 460D36512F51C5B8006E774C /* Project object */;
}
